
Microsoft Visual Studio Solution File, Format Version 12.00
# Visual Studio Version 16
VisualStudioVersion = 16.0.31729.503
MinimumVisualStudioVersion = 10.0.40219.1
Project("{FAE04EC0-301F-11D3-BF4B-00C04F79EFBC}") = "SmartQueue", "SmartQueue\SmartQueue.csproj", "{134B7F3D-678B-4AC3-853B-17E37170CBD2}"
EndProject
Global
	GlobalSection(SolutionConfigurationPlatforms) = preSolution
		Debug|Any CPU = Debug|Any CPU
		Release|Any CPU = Release|Any CPU
	EndGlobalSection
	GlobalSection(ProjectConfigurationPlatforms) = postSolution
		{134B7F3D-678B-4AC3-853B-17E37170CBD2}.Debug|Any CPU.ActiveCfg = Debug|Any CPU
		{134B7F3D-678B-4AC3-853B-17E37170CBD2}.Debug|Any CPU.Build.0 = Debug|Any CPU
		{134B7F3D-678B-4AC3-853B-17E37170CBD2}.Release|Any CPU.ActiveCfg = Release|Any CPU
		{134B7F3D-678B-4AC3-853B-17E37170CBD2}.Release|Any CPU.Build.0 = Release|Any CPU
	EndGlobalSection
	GlobalSection(SolutionProperties) = preSolution
		HideSolutionNode = FALSE
	EndGlobalSection
	GlobalSection(ExtensibilityGlobals) = postSolution
		SolutionGuid = {658F7F6F-4263-467F-8129-80C07757FD4C}
	EndGlobalSection
EndGlobal
